// !$*UTF8*$!
{
	archiveVersion = 1;
	classes = {
	};
	objectVersion = 56;
	objects = {

/* Begin PBXBuildFile section */
		8A11BD7B2923CFEA0001C028 /* AppDelegate.swift in Sources */ = {isa = PBXBuildFile; fileRef = 8A11BD7A2923CFEA0001C028 /* AppDelegate.swift */; };
		8A11BD7D2923CFEA0001C028 /* SceneDelegate.swift in Sources */ = {isa = PBXBuildFile; fileRef = 8A11BD7C2923CFEA0001C028 /* SceneDelegate.swift */; };
		8A11BD7F2923CFEA0001C028 /* PhotoListViewController.swift in Sources */ = {isa = PBXBuildFile; fileRef = 8A11BD7E2923CFEA0001C028 /* PhotoListViewController.swift */; };
		8A11BD822923CFEA0001C028 /* Main.storyboard in Resources */ = {isa = PBXBuildFile; fileRef = 8A11BD802923CFEA0001C028 /* Main.storyboard */; };
		8A11BD842923CFEB0001C028 /* Assets.xcassets in Resources */ = {isa = PBXBuildFile; fileRef = 8A11BD832923CFEB0001C028 /* Assets.xcassets */; };
		8A11BD872923CFEB0001C028 /* LaunchScreen.storyboard in Resources */ = {isa = PBXBuildFile; fileRef = 8A11BD852923CFEB0001C028 /* LaunchScreen.storyboard */; };
		8A11BD8F2923D0740001C028 /* PhotoListPresenter.swift in Sources */ = {isa = PBXBuildFile; fileRef = 8A11BD8E2923D0740001C028 /* PhotoListPresenter.swift */; };
		8A11BD912923D08A0001C028 /* PhotoListInteractor.swift in Sources */ = {isa = PBXBuildFile; fileRef = 8A11BD902923D08A0001C028 /* PhotoListInteractor.swift */; };
		8A11BD932923D0970001C028 /* PhotoListEntity.swift in Sources */ = {isa = PBXBuildFile; fileRef = 8A11BD922923D0970001C028 /* PhotoListEntity.swift */; };
		8A11BD952923D0A10001C028 /* PhotoListRouter.swift in Sources */ = {isa = PBXBuildFile; fileRef = 8A11BD942923D0A10001C028 /* PhotoListRouter.swift */; };
		8A11BD972923D0AD0001C028 /* PhotoListProtocols.swift in Sources */ = {isa = PBXBuildFile; fileRef = 8A11BD962923D0AD0001C028 /* PhotoListProtocols.swift */; };
		8A11BD9A2923D1150001C028 /* PhotoDetailProtocols.swift in Sources */ = {isa = PBXBuildFile; fileRef = 8A11BD992923D1150001C028 /* PhotoDetailProtocols.swift */; };
		8A11BD9C2923D1230001C028 /* PhotoDetailRouter.swift in Sources */ = {isa = PBXBuildFile; fileRef = 8A11BD9B2923D1230001C028 /* PhotoDetailRouter.swift */; };
		8A11BD9E2923D13A0001C028 /* PhotoDetailInteractor.swift in Sources */ = {isa = PBXBuildFile; fileRef = 8A11BD9D2923D13A0001C028 /* PhotoDetailInteractor.swift */; };
		8A11BDA02923D1470001C028 /* PhotoDetailEntity.swift in Sources */ = {isa = PBXBuildFile; fileRef = 8A11BD9F2923D1470001C028 /* PhotoDetailEntity.swift */; };
		8A11BDA22923D1560001C028 /* PhotoDetailPresenter.swift in Sources */ = {isa = PBXBuildFile; fileRef = 8A11BDA12923D1550001C028 /* PhotoDetailPresenter.swift */; };
		8A11BDA42923D17E0001C028 /* PhotoDetailViewController.swift in Sources */ = {isa = PBXBuildFile; fileRef = 8A11BDA32923D17E0001C028 /* PhotoDetailViewController.swift */; };
/* End PBXBuildFile section */

/* Begin PBXFileReference section */
		8A11BD772923CFEA0001C028 /* Photo.app */ = {isa = PBXFileReference; explicitFileType = wrapper.application; includeInIndex = 0; path = Photo.app; sourceTree = BUILT_PRODUCTS_DIR; };
		8A11BD7A2923CFEA0001C028 /* AppDelegate.swift */ = {isa = PBXFileReference; lastKnownFileType = sourcecode.swift; path = AppDelegate.swift; sourceTree = "<group>"; };
		8A11BD7C2923CFEA0001C028 /* SceneDelegate.swift */ = {isa = PBXFileReference; lastKnownFileType = sourcecode.swift; path = SceneDelegate.swift; sourceTree = "<group>"; };
		8A11BD7E2923CFEA0001C028 /* PhotoListViewController.swift */ = {isa = PBXFileReference; lastKnownFileType = sourcecode.swift; path = PhotoListViewController.swift; sourceTree = "<group>"; };
		8A11BD812923CFEA0001C028 /* Base */ = {isa = PBXFileReference; lastKnownFileType = file.storyboard; name = Base; path = Base.lproj/Main.storyboard; sourceTree = "<group>"; };
		8A11BD832923CFEB0001C028 /* Assets.xcassets */ = {isa = PBXFileReference; lastKnownFileType = folder.assetcatalog; path = Assets.xcassets; sourceTree = "<group>"; };
		8A11BD862923CFEB0001C028 /* Base */ = {isa = PBXFileReference; lastKnownFileType = file.storyboard; name = Base; path = Base.lproj/LaunchScreen.storyboard; sourceTree = "<group>"; };
		8A11BD882923CFEB0001C028 /* Info.plist */ = {isa = PBXFileReference; lastKnownFileType = text.plist.xml; path = Info.plist; sourceTree = "<group>"; };
		8A11BD8E2923D0740001C028 /* PhotoListPresenter.swift */ = {isa = PBXFileReference; lastKnownFileType = sourcecode.swift; path = PhotoListPresenter.swift; sourceTree = "<group>"; };
		8A11BD902923D08A0001C028 /* PhotoListInteractor.swift */ = {isa = PBXFileReference; lastKnownFileType = sourcecode.swift; path = PhotoListInteractor.swift; sourceTree = "<group>"; };
		8A11BD922923D0970001C028 /* PhotoListEntity.swift */ = {isa = PBXFileReference; lastKnownFileType = sourcecode.swift; path = PhotoListEntity.swift; sourceTree = "<group>"; };
		8A11BD942923D0A10001C028 /* PhotoListRouter.swift */ = {isa = PBXFileReference; lastKnownFileType = sourcecode.swift; path = PhotoListRouter.swift; sourceTree = "<group>"; };
		8A11BD962923D0AD0001C028 /* PhotoListProtocols.swift */ = {isa = PBXFileReference; lastKnownFileType = sourcecode.swift; path = PhotoListProtocols.swift; sourceTree = "<group>"; };
		8A11BD992923D1150001C028 /* PhotoDetailProtocols.swift */ = {isa = PBXFileReference; lastKnownFileType = sourcecode.swift; path = PhotoDetailProtocols.swift; sourceTree = "<group>"; };
		8A11BD9B2923D1230001C028 /* PhotoDetailRouter.swift */ = {isa = PBXFileReference; lastKnownFileType = sourcecode.swift; path = PhotoDetailRouter.swift; sourceTree = "<group>"; };
		8A11BD9D2923D13A0001C028 /* PhotoDetailInteractor.swift */ = {isa = PBXFileReference; lastKnownFileType = sourcecode.swift; path = PhotoDetailInteractor.swift; sourceTree = "<group>"; };
		8A11BD9F2923D1470001C028 /* PhotoDetailEntity.swift */ = {isa = PBXFileReference; lastKnownFileType = sourcecode.swift; path = PhotoDetailEntity.swift; sourceTree = "<group>"; };
		8A11BDA12923D1550001C028 /* PhotoDetailPresenter.swift */ = {isa = PBXFileReference; lastKnownFileType = sourcecode.swift; path = PhotoDetailPresenter.swift; sourceTree = "<group>"; };
		8A11BDA32923D17E0001C028 /* PhotoDetailViewController.swift */ = {isa = PBXFileReference; lastKnownFileType = sourcecode.swift; path = PhotoDetailViewController.swift; sourceTree = "<group>"; };
/* End PBXFileReference section */

/* Begin PBXFrameworksBuildPhase section */
		8A11BD742923CFEA0001C028 /* Frameworks */ = {
			isa = PBXFrameworksBuildPhase;
			buildActionMask = 2147483647;
			files = (
			);
			runOnlyForDeploymentPostprocessing = 0;
		};
/* End PBXFrameworksBuildPhase section */

/* Begin PBXGroup section */
		8A11BD6E2923CFEA0001C028 = {
			isa = PBXGroup;
			children = (
				8A11BD792923CFEA0001C028 /* Photo */,
				8A11BD782923CFEA0001C028 /* Products */,
			);
			sourceTree = "<group>";
		};
		8A11BD782923CFEA0001C028 /* Products */ = {
			isa = PBXGroup;
			children = (
				8A11BD772923CFEA0001C028 /* Photo.app */,
			);
			name = Products;
			sourceTree = "<group>";
		};
		8A11BD792923CFEA0001C028 /* Photo */ = {
			isa = PBXGroup;
			children = (
				8A11BD7A2923CFEA0001C028 /* AppDelegate.swift */,
				8A11BD7C2923CFEA0001C028 /* SceneDelegate.swift */,
				8A11BDA62923D1960001C028 /* Module */,
				8A11BD802923CFEA0001C028 /* Main.storyboard */,
				8A11BD832923CFEB0001C028 /* Assets.xcassets */,
				8A11BD852923CFEB0001C028 /* LaunchScreen.storyboard */,
				8A11BD882923CFEB0001C028 /* Info.plist */,
			);
			path = Photo;
			sourceTree = "<group>";
		};
		8A11BD982923D0C80001C028 /* PhotoList */ = {
			isa = PBXGroup;
			children = (
				8A11BD962923D0AD0001C028 /* PhotoListProtocols.swift */,
				8A11BD7E2923CFEA0001C028 /* PhotoListViewController.swift */,
				8A11BD902923D08A0001C028 /* PhotoListInteractor.swift */,
				8A11BD8E2923D0740001C028 /* PhotoListPresenter.swift */,
				8A11BD922923D0970001C028 /* PhotoListEntity.swift */,
				8A11BD942923D0A10001C028 /* PhotoListRouter.swift */,
			);
			path = PhotoList;
			sourceTree = "<group>";
		};
		8A11BDA52923D1870001C028 /* PhototDetail */ = {
			isa = PBXGroup;
			children = (
				8A11BD992923D1150001C028 /* PhotoDetailProtocols.swift */,
				8A11BDA32923D17E0001C028 /* PhotoDetailViewController.swift */,
				8A11BD9D2923D13A0001C028 /* PhotoDetailInteractor.swift */,
				8A11BDA12923D1550001C028 /* PhotoDetailPresenter.swift */,
				8A11BD9F2923D1470001C028 /* PhotoDetailEntity.swift */,
				8A11BD9B2923D1230001C028 /* PhotoDetailRouter.swift */,
			);
			path = PhototDetail;
			sourceTree = "<group>";
		};
		8A11BDA62923D1960001C028 /* Module */ = {
			isa = PBXGroup;
			children = (
				8A11BD982923D0C80001C028 /* PhotoList */,
				8A11BDA52923D1870001C028 /* PhototDetail */,
			);
			path = Module;
			sourceTree = "<group>";
		};
/* End PBXGroup section */

/* Begin PBXNativeTarget section */
		8A11BD762923CFEA0001C028 /* Photo */ = {
			isa = PBXNativeTarget;
			buildConfigurationList = 8A11BD8B2923CFEB0001C028 /* Build configuration list for PBXNativeTarget "Photo" */;
			buildPhases = (
				8A11BD732923CFEA0001C028 /* Sources */,
				8A11BD742923CFEA0001C028 /* Frameworks */,
				8A11BD752923CFEA0001C028 /* Resources */,
			);
			buildRules = (
			);
			dependencies = (
			);
			name = Photo;
			productName = Photo;
			productReference = 8A11BD772923CFEA0001C028 /* Photo.app */;
			productType = "com.apple.product-type.application";
		};
/* End PBXNativeTarget section */

/* Begin PBXProject section */
		8A11BD6F2923CFEA0001C028 /* Project object */ = {
			isa = PBXProject;
			attributes = {
				BuildIndependentTargetsInParallel = 1;
				LastSwiftUpdateCheck = 1400;
				LastUpgradeCheck = 1400;
				TargetAttributes = {
					8A11BD762923CFEA0001C028 = {
						CreatedOnToolsVersion = 14.0.1;
					};
				};
			};
			buildConfigurationList = 8A11BD722923CFEA0001C028 /* Build configuration list for PBXProject "Photo" */;
			compatibilityVersion = "Xcode 14.0";
			developmentRegion = en;
			hasScannedForEncodings = 0;
			knownRegions = (
				en,
				Base,
			);
			mainGroup = 8A11BD6E2923CFEA0001C028;
			productRefGroup = 8A11BD782923CFEA0001C028 /* Products */;
			projectDirPath = "";
			projectRoot = "";
			targets = (
				8A11BD762923CFEA0001C028 /* Photo */,
			);
		};
/* End PBXProject section */

/* Begin PBXResourcesBuildPhase section */
		8A11BD752923CFEA0001C028 /* Resources */ = {
			isa = PBXResourcesBuildPhase;
			buildActionMask = 2147483647;
			files = (
				8A11BD872923CFEB0001C028 /* LaunchScreen.storyboard in Resources */,
				8A11BD842923CFEB0001C028 /* Assets.xcassets in Resources */,
				8A11BD822923CFEA0001C028 /* Main.storyboard in Resources */,
			);
			runOnlyForDeploymentPostprocessing = 0;
		};
/* End PBXResourcesBuildPhase section */

/* Begin PBXSourcesBuildPhase section */
		8A11BD732923CFEA0001C028 /* Sources */ = {
			isa = PBXSourcesBuildPhase;
			buildActionMask = 2147483647;
			files = (
				8A11BDA22923D1560001C028 /* PhotoDetailPresenter.swift in Sources */,
				8A11BD9A2923D1150001C028 /* PhotoDetailProtocols.swift in Sources */,
				8A11BD912923D08A0001C028 /* PhotoListInteractor.swift in Sources */,
				8A11BD932923D0970001C028 /* PhotoListEntity.swift in Sources */,
				8A11BD972923D0AD0001C028 /* PhotoListProtocols.swift in Sources */,
				8A11BD9C2923D1230001C028 /* PhotoDetailRouter.swift in Sources */,
				8A11BD952923D0A10001C028 /* PhotoListRouter.swift in Sources */,
				8A11BD7F2923CFEA0001C028 /* PhotoListViewController.swift in Sources */,
				8A11BD9E2923D13A0001C028 /* PhotoDetailInteractor.swift in Sources */,
				8A11BDA02923D1470001C028 /* PhotoDetailEntity.swift in Sources */,
				8A11BDA42923D17E0001C028 /* PhotoDetailViewController.swift in Sources */,
				8A11BD8F2923D0740001C028 /* PhotoListPresenter.swift in Sources */,
				8A11BD7B2923CFEA0001C028 /* AppDelegate.swift in Sources */,
				8A11BD7D2923CFEA0001C028 /* SceneDelegate.swift in Sources */,
			);
			runOnlyForDeploymentPostprocessing = 0;
		};
/* End PBXSourcesBuildPhase section */

/* Begin PBXVariantGroup section */
		8A11BD802923CFEA0001C028 /* Main.storyboard */ = {
			isa = PBXVariantGroup;
			children = (
				8A11BD812923CFEA0001C028 /* Base */,
			);
			name = Main.storyboard;
			sourceTree = "<group>";
		};
		8A11BD852923CFEB0001C028 /* LaunchScreen.storyboard */ = {
			isa = PBXVariantGroup;
			children = (
				8A11BD862923CFEB0001C028 /* Base */,
			);
			name = LaunchScreen.storyboard;
			sourceTree = "<group>";
		};
/* End PBXVariantGroup section */

/* Begin XCBuildConfiguration section */
		8A11BD892923CFEB0001C028 /* Debug */ = {
			isa = XCBuildConfiguration;
			buildSettings = {
				ALWAYS_SEARCH_USER_PATHS = NO;
				CLANG_ANALYZER_NONNULL = YES;
				CLANG_ANALYZER_NUMBER_OBJECT_CONVERSION = YES_AGGRESSIVE;
				CLANG_CXX_LANGUAGE_STANDARD = "gnu++20";
				CLANG_ENABLE_MODULES = YES;
				CLANG_ENABLE_OBJC_ARC = YES;
				CLANG_ENABLE_OBJC_WEAK = YES;
				CLANG_WARN_BLOCK_CAPTURE_AUTORELEASING = YES;
				CLANG_WARN_BOOL_CONVERSION = YES;
				CLANG_WARN_COMMA = YES;
				CLANG_WARN_CONSTANT_CONVERSION = YES;
				CLANG_WARN_DEPRECATED_OBJC_IMPLEMENTATIONS = YES;
				CLANG_WARN_DIRECT_OBJC_ISA_USAGE = YES_ERROR;
				CLANG_WARN_DOCUMENTATION_COMMENTS = YES;
				CLANG_WARN_EMPTY_BODY = YES;
				CLANG_WARN_ENUM_CONVERSION = YES;
				CLANG_WARN_INFINITE_RECURSION = YES;
				CLANG_WARN_INT_CONVERSION = YES;
				CLANG_WARN_NON_LITERAL_NULL_CONVERSION = YES;
				CLANG_WARN_OBJC_IMPLICIT_RETAIN_SELF = YES;
				CLANG_WARN_OBJC_LITERAL_CONVERSION = YES;
				CLANG_WARN_OBJC_ROOT_CLASS = YES_ERROR;
				CLANG_WARN_QUOTED_INCLUDE_IN_FRAMEWORK_HEADER = YES;
				CLANG_WARN_RANGE_LOOP_ANALYSIS = YES;
				CLANG_WARN_STRICT_PROTOTYPES = YES;
				CLANG_WARN_SUSPICIOUS_MOVE = YES;
				CLANG_WARN_UNGUARDED_AVAILABILITY = YES_AGGRESSIVE;
				CLANG_WARN_UNREACHABLE_CODE = YES;
				CLANG_WARN__DUPLICATE_METHOD_MATCH = YES;
				COPY_PHASE_STRIP = NO;
				DEBUG_INFORMATION_FORMAT = dwarf;
				ENABLE_STRICT_OBJC_MSGSEND = YES;
				ENABLE_TESTABILITY = YES;
				GCC_C_LANGUAGE_STANDARD = gnu11;
				GCC_DYNAMIC_NO_PIC = NO;
				GCC_NO_COMMON_BLOCKS = YES;
				GCC_OPTIMIZATION_LEVEL = 0;
				GCC_PREPROCESSOR_DEFINITIONS = (
					"DEBUG=1",
					"$(inherited)",
				);
				GCC_WARN_64_TO_32_BIT_CONVERSION = YES;
				GCC_WARN_ABOUT_RETURN_TYPE = YES_ERROR;
				GCC_WARN_UNDECLARED_SELECTOR = YES;
				GCC_WARN_UNINITIALIZED_AUTOS = YES_AGGRESSIVE;
				GCC_WARN_UNUSED_FUNCTION = YES;
				GCC_WARN_UNUSED_VARIABLE = YES;
				IPHONEOS_DEPLOYMENT_TARGET = 16.0;
				MTL_ENABLE_DEBUG_INFO = INCLUDE_SOURCE;
				MTL_FAST_MATH = YES;
				ONLY_ACTIVE_ARCH = YES;
				SDKROOT = iphoneos;
				SWIFT_ACTIVE_COMPILATION_CONDITIONS = DEBUG;
				SWIFT_OPTIMIZATION_LEVEL = "-Onone";
			};
			name = Debug;
		};
		8A11BD8A2923CFEB0001C028 /* Release */ = {
			isa = XCBuildConfiguration;
			buildSettings = {
				ALWAYS_SEARCH_USER_PATHS = NO;
				CLANG_ANALYZER_NONNULL = YES;
				CLANG_ANALYZER_NUMBER_OBJECT_CONVERSION = YES_AGGRESSIVE;
				CLANG_CXX_LANGUAGE_STANDARD = "gnu++20";
				CLANG_ENABLE_MODULES = YES;
				CLANG_ENABLE_OBJC_ARC = YES;
				CLANG_ENABLE_OBJC_WEAK = YES;
				CLANG_WARN_BLOCK_CAPTURE_AUTORELEASING = YES;
				CLANG_WARN_BOOL_CONVERSION = YES;
				CLANG_WARN_COMMA = YES;
				CLANG_WARN_CONSTANT_CONVERSION = YES;
				CLANG_WARN_DEPRECATED_OBJC_IMPLEMENTATIONS = YES;
				CLANG_WARN_DIRECT_OBJC_ISA_USAGE = YES_ERROR;
				CLANG_WARN_DOCUMENTATION_COMMENTS = YES;
				CLANG_WARN_EMPTY_BODY = YES;
				CLANG_WARN_ENUM_CONVERSION = YES;
				CLANG_WARN_INFINITE_RECURSION = YES;
				CLANG_WARN_INT_CONVERSION = YES;
				CLANG_WARN_NON_LITERAL_NULL_CONVERSION = YES;
				CLANG_WARN_OBJC_IMPLICIT_RETAIN_SELF = YES;
				CLANG_WARN_OBJC_LITERAL_CONVERSION = YES;
				CLANG_WARN_OBJC_ROOT_CLASS = YES_ERROR;
				CLANG_WARN_QUOTED_INCLUDE_IN_FRAMEWORK_HEADER = YES;
				CLANG_WARN_RANGE_LOOP_ANALYSIS = YES;
				CLANG_WARN_STRICT_PROTOTYPES = YES;
				CLANG_WARN_SUSPICIOUS_MOVE = YES;
				CLANG_WARN_UNGUARDED_AVAILABILITY = YES_AGGRESSIVE;
				CLANG_WARN_UNREACHABLE_CODE = YES;
				CLANG_WARN__DUPLICATE_METHOD_MATCH = YES;
				COPY_PHASE_STRIP = NO;
				DEBUG_INFORMATION_FORMAT = "dwarf-with-dsym";
				ENABLE_NS_ASSERTIONS = NO;
				ENABLE_STRICT_OBJC_MSGSEND = YES;
				GCC_C_LANGUAGE_STANDARD = gnu11;
				GCC_NO_COMMON_BLOCKS = YES;
				GCC_WARN_64_TO_32_BIT_CONVERSION = YES;
				GCC_WARN_ABOUT_RETURN_TYPE = YES_ERROR;
				GCC_WARN_UNDECLARED_SELECTOR = YES;
				GCC_WARN_UNINITIALIZED_AUTOS = YES_AGGRESSIVE;
				GCC_WARN_UNUSED_FUNCTION = YES;
				GCC_WARN_UNUSED_VARIABLE = YES;
				IPHONEOS_DEPLOYMENT_TARGET = 16.0;
				MTL_ENABLE_DEBUG_INFO = NO;
				MTL_FAST_MATH = YES;
				SDKROOT = iphoneos;
				SWIFT_COMPILATION_MODE = wholemodule;
				SWIFT_OPTIMIZATION_LEVEL = "-O";
				VALIDATE_PRODUCT = YES;
			};
			name = Release;
		};
		8A11BD8C2923CFEB0001C028 /* Debug */ = {
			isa = XCBuildConfiguration;
			buildSettings = {
				ASSETCATALOG_COMPILER_APPICON_NAME = AppIcon;
				ASSETCATALOG_COMPILER_GLOBAL_ACCENT_COLOR_NAME = AccentColor;
				CODE_SIGN_STYLE = Automatic;
				CURRENT_PROJECT_VERSION = 1;
				DEVELOPMENT_TEAM = S47ZA2XNXC;
				GENERATE_INFOPLIST_FILE = YES;
				INFOPLIST_FILE = Photo/Info.plist;
				INFOPLIST_KEY_UIApplicationSupportsIndirectInputEvents = YES;
				INFOPLIST_KEY_UILaunchStoryboardName = LaunchScreen;
				INFOPLIST_KEY_UIMainStoryboardFile = Main;
				INFOPLIST_KEY_UISupportedInterfaceOrientations_iPad = "UIInterfaceOrientationPortrait UIInterfaceOrientationPortraitUpsideDown UIInterfaceOrientationLandscapeLeft UIInterfaceOrientationLandscapeRight";
				INFOPLIST_KEY_UISupportedInterfaceOrientations_iPhone = "UIInterfaceOrientationPortrait UIInterfaceOrientationLandscapeLeft UIInterfaceOrientationLandscapeRight";
				LD_RUNPATH_SEARCH_PATHS = (
					"$(inherited)",
					"@executable_path/Frameworks",
				);
				MARKETING_VERSION = 1.0;
				PRODUCT_BUNDLE_IDENTIFIER = com.example.Photo;
				PRODUCT_NAME = "$(TARGET_NAME)";
				SWIFT_EMIT_LOC_STRINGS = YES;
				SWIFT_VERSION = 5.0;
				TARGETED_DEVICE_FAMILY = "1,2";
			};
			name = Debug;
		};
		8A11BD8D2923CFEB0001C028 /* Release */ = {
			isa = XCBuildConfiguration;
			buildSettings = {
				ASSETCATALOG_COMPILER_APPICON_NAME = AppIcon;
				ASSETCATALOG_COMPILER_GLOBAL_ACCENT_COLOR_NAME = AccentColor;
				CODE_SIGN_STYLE = Automatic;
				CURRENT_PROJECT_VERSION = 1;
				DEVELOPMENT_TEAM = S47ZA2XNXC;
				GENERATE_INFOPLIST_FILE = YES;
				INFOPLIST_FILE = Photo/Info.plist;
				INFOPLIST_KEY_UIApplicationSupportsIndirectInputEvents = YES;
				INFOPLIST_KEY_UILaunchStoryboardName = LaunchScreen;
				INFOPLIST_KEY_UIMainStoryboardFile = Main;
				INFOPLIST_KEY_UISupportedInterfaceOrientations_iPad = "UIInterfaceOrientationPortrait UIInterfaceOrientationPortraitUpsideDown UIInterfaceOrientationLandscapeLeft UIInterfaceOrientationLandscapeRight";
				INFOPLIST_KEY_UISupportedInterfaceOrientations_iPhone = "UIInterfaceOrientationPortrait UIInterfaceOrientationLandscapeLeft UIInterfaceOrientationLandscapeRight";
				LD_RUNPATH_SEARCH_PATHS = (
					"$(inherited)",
					"@executable_path/Frameworks",
				);
				MARKETING_VERSION = 1.0;
				PRODUCT_BUNDLE_IDENTIFIER = com.example.Photo;
				PRODUCT_NAME = "$(TARGET_NAME)";
				SWIFT_EMIT_LOC_STRINGS = YES;
				SWIFT_VERSION = 5.0;
				TARGETED_DEVICE_FAMILY = "1,2";
			};
			name = Release;
		};
/* End XCBuildConfiguration section */

/* Begin XCConfigurationList section */
		8A11BD722923CFEA0001C028 /* Build configuration list for PBXProject "Photo" */ = {
			isa = XCConfigurationList;
			buildConfigurations = (
				8A11BD892923CFEB0001C028 /* Debug */,
				8A11BD8A2923CFEB0001C028 /* Release */,
			);
			defaultConfigurationIsVisible = 0;
			defaultConfigurationName = Release;
		};
		8A11BD8B2923CFEB0001C028 /* Build configuration list for PBXNativeTarget "Photo" */ = {
			isa = XCConfigurationList;
			buildConfigurations = (
				8A11BD8C2923CFEB0001C028 /* Debug */,
				8A11BD8D2923CFEB0001C028 /* Release */,
			);
			defaultConfigurationIsVisible = 0;
			defaultConfigurationName = Release;
		};
/* End XCConfigurationList section */
	};
	rootObject = 8A11BD6F2923CFEA0001C028 /* Project object */;
}
