// !$*UTF8*$!
{
	archiveVersion = 1;
	classes = {
	};
	objectVersion = 56;
	objects = {

/* Begin PBXBuildFile section */
		8A0399EE292C4B370090D396 /* SearchCollectionViewCell.swift in Sources */ = {isa = PBXBuildFile; fileRef = 8A0399ED292C4B370090D396 /* SearchCollectionViewCell.swift */; };
		8A11BD7B2923CFEA0001C028 /* AppDelegate.swift in Sources */ = {isa = PBXBuildFile; fileRef = 8A11BD7A2923CFEA0001C028 /* AppDelegate.swift */; };
		8A11BD7D2923CFEA0001C028 /* SceneDelegate.swift in Sources */ = {isa = PBXBuildFile; fileRef = 8A11BD7C2923CFEA0001C028 /* SceneDelegate.swift */; };
		8A11BD7F2923CFEA0001C028 /* PhotoListViewController.swift in Sources */ = {isa = PBXBuildFile; fileRef = 8A11BD7E2923CFEA0001C028 /* PhotoListViewController.swift */; };
		8A11BD842923CFEB0001C028 /* Assets.xcassets in Resources */ = {isa = PBXBuildFile; fileRef = 8A11BD832923CFEB0001C028 /* Assets.xcassets */; };
		8A11BD872923CFEB0001C028 /* LaunchScreen.storyboard in Resources */ = {isa = PBXBuildFile; fileRef = 8A11BD852923CFEB0001C028 /* LaunchScreen.storyboard */; };
		8A11BD8F2923D0740001C028 /* PhotoListPresenter.swift in Sources */ = {isa = PBXBuildFile; fileRef = 8A11BD8E2923D0740001C028 /* PhotoListPresenter.swift */; };
		8A11BD912923D08A0001C028 /* PhotoListInteractor.swift in Sources */ = {isa = PBXBuildFile; fileRef = 8A11BD902923D08A0001C028 /* PhotoListInteractor.swift */; };
		8A11BD932923D0970001C028 /* PhotoListEntity.swift in Sources */ = {isa = PBXBuildFile; fileRef = 8A11BD922923D0970001C028 /* PhotoListEntity.swift */; };
		8A11BD952923D0A10001C028 /* PhotoListRouter.swift in Sources */ = {isa = PBXBuildFile; fileRef = 8A11BD942923D0A10001C028 /* PhotoListRouter.swift */; };
		8A11BD9C2923D1230001C028 /* PhotoDetailRouter.swift in Sources */ = {isa = PBXBuildFile; fileRef = 8A11BD9B2923D1230001C028 /* PhotoDetailRouter.swift */; };
		8A11BD9E2923D13A0001C028 /* PhotoDetailInteractor.swift in Sources */ = {isa = PBXBuildFile; fileRef = 8A11BD9D2923D13A0001C028 /* PhotoDetailInteractor.swift */; };
		8A11BDA02923D1470001C028 /* PhotoDetailEntity.swift in Sources */ = {isa = PBXBuildFile; fileRef = 8A11BD9F2923D1470001C028 /* PhotoDetailEntity.swift */; };
		8A11BDA22923D1560001C028 /* PhotoDetailPresenter.swift in Sources */ = {isa = PBXBuildFile; fileRef = 8A11BDA12923D1550001C028 /* PhotoDetailPresenter.swift */; };
		8A11BDA42923D17E0001C028 /* PhotoDetailViewController.swift in Sources */ = {isa = PBXBuildFile; fileRef = 8A11BDA32923D17E0001C028 /* PhotoDetailViewController.swift */; };
		8A156A102924A6EC0081DE97 /* CompilingURL.swift in Sources */ = {isa = PBXBuildFile; fileRef = 8A156A0F2924A6EB0081DE97 /* CompilingURL.swift */; };
		8A156A122924A6FC0081DE97 /* NetworkService.swift in Sources */ = {isa = PBXBuildFile; fileRef = 8A156A112924A6FC0081DE97 /* NetworkService.swift */; };
		8A156A182924E6F50081DE97 /* PhotoCollectionViewCell.swift in Sources */ = {isa = PBXBuildFile; fileRef = 8A156A172924E6F50081DE97 /* PhotoCollectionViewCell.swift */; };
		8A156A1B29251A340081DE97 /* TabBarController.swift in Sources */ = {isa = PBXBuildFile; fileRef = 8A156A1A29251A340081DE97 /* TabBarController.swift */; };
		8A156A1D29251A4F0081DE97 /* TabBarPresenter.swift in Sources */ = {isa = PBXBuildFile; fileRef = 8A156A1C29251A4F0081DE97 /* TabBarPresenter.swift */; };
		8A156A1F29251A5A0081DE97 /* TabBarRouter.swift in Sources */ = {isa = PBXBuildFile; fileRef = 8A156A1E29251A5A0081DE97 /* TabBarRouter.swift */; };
		8A6F17A52927126900840C99 /* ExtensionUIView.swift in Sources */ = {isa = PBXBuildFile; fileRef = 8A6F17A42927126900840C99 /* ExtensionUIView.swift */; };
		8A6F17A82927196200840C99 /* ExtensionDate.swift in Sources */ = {isa = PBXBuildFile; fileRef = 8A6F17A72927196200840C99 /* ExtensionDate.swift */; };
		8A757130292852F700DA0154 /* CoreDataManager.swift in Sources */ = {isa = PBXBuildFile; fileRef = 8A75712F292852F700DA0154 /* CoreDataManager.swift */; };
		8A9C36132929703600BADD3A /* FavoriteListViewController.swift in Sources */ = {isa = PBXBuildFile; fileRef = 8A9C36122929703600BADD3A /* FavoriteListViewController.swift */; };
		8A9C36152929705600BADD3A /* FavoriteListPresenter.swift in Sources */ = {isa = PBXBuildFile; fileRef = 8A9C36142929705600BADD3A /* FavoriteListPresenter.swift */; };
		8A9C36172929706300BADD3A /* FavoriteListInteractor.swift in Sources */ = {isa = PBXBuildFile; fileRef = 8A9C36162929706300BADD3A /* FavoriteListInteractor.swift */; };
		8A9C36192929706B00BADD3A /* FavoriteListRouter.swift in Sources */ = {isa = PBXBuildFile; fileRef = 8A9C36182929706B00BADD3A /* FavoriteListRouter.swift */; };
		8A9C361E29297FD900BADD3A /* SearchListViewController.swift in Sources */ = {isa = PBXBuildFile; fileRef = 8A9C361D29297FD900BADD3A /* SearchListViewController.swift */; };
		8A9C36212929800F00BADD3A /* SearchListPresenter.swift in Sources */ = {isa = PBXBuildFile; fileRef = 8A9C36202929800F00BADD3A /* SearchListPresenter.swift */; };
		8A9C36232929806300BADD3A /* SearchListInteractor.swift in Sources */ = {isa = PBXBuildFile; fileRef = 8A9C36222929806300BADD3A /* SearchListInteractor.swift */; };
		8A9C36252929806B00BADD3A /* SearchListRouter.swift in Sources */ = {isa = PBXBuildFile; fileRef = 8A9C36242929806B00BADD3A /* SearchListRouter.swift */; };
		8A9C36272929807400BADD3A /* SearchListEntity.swift in Sources */ = {isa = PBXBuildFile; fileRef = 8A9C36262929807400BADD3A /* SearchListEntity.swift */; };
		8A9C362929299E9C00BADD3A /* FavoriteTableViewCell.swift in Sources */ = {isa = PBXBuildFile; fileRef = 8A9C362829299E9C00BADD3A /* FavoriteTableViewCell.swift */; };
		8ACBCBC5292946F5002E5935 /* FavoriteModel.xcdatamodeld in Sources */ = {isa = PBXBuildFile; fileRef = 8ACBCBC3292946F5002E5935 /* FavoriteModel.xcdatamodeld */; };
		8ACBCBD5292960F4002E5935 /* FavoritePhoto+CoreDataClass.swift in Sources */ = {isa = PBXBuildFile; fileRef = 8ACBCBD3292960F4002E5935 /* FavoritePhoto+CoreDataClass.swift */; };
		8ACBCBD6292960F4002E5935 /* FavoritePhoto+CoreDataProperties.swift in Sources */ = {isa = PBXBuildFile; fileRef = 8ACBCBD4292960F4002E5935 /* FavoritePhoto+CoreDataProperties.swift */; };
		8D835D17C1EF037FFC0C7A19 /* Pods_Photo.framework in Frameworks */ = {isa = PBXBuildFile; fileRef = 73B8466755CCF7C070FA09DE /* Pods_Photo.framework */; };
/* End PBXBuildFile section */

/* Begin PBXFileReference section */
		73B8466755CCF7C070FA09DE /* Pods_Photo.framework */ = {isa = PBXFileReference; explicitFileType = wrapper.framework; includeInIndex = 0; path = Pods_Photo.framework; sourceTree = BUILT_PRODUCTS_DIR; };
		8A0399ED292C4B370090D396 /* SearchCollectionViewCell.swift */ = {isa = PBXFileReference; lastKnownFileType = sourcecode.swift; path = SearchCollectionViewCell.swift; sourceTree = "<group>"; };
		8A11BD772923CFEA0001C028 /* Photo.app */ = {isa = PBXFileReference; explicitFileType = wrapper.application; includeInIndex = 0; path = Photo.app; sourceTree = BUILT_PRODUCTS_DIR; };
		8A11BD7A2923CFEA0001C028 /* AppDelegate.swift */ = {isa = PBXFileReference; lastKnownFileType = sourcecode.swift; path = AppDelegate.swift; sourceTree = "<group>"; };
		8A11BD7C2923CFEA0001C028 /* SceneDelegate.swift */ = {isa = PBXFileReference; lastKnownFileType = sourcecode.swift; path = SceneDelegate.swift; sourceTree = "<group>"; };
		8A11BD7E2923CFEA0001C028 /* PhotoListViewController.swift */ = {isa = PBXFileReference; lastKnownFileType = sourcecode.swift; path = PhotoListViewController.swift; sourceTree = "<group>"; };
		8A11BD832923CFEB0001C028 /* Assets.xcassets */ = {isa = PBXFileReference; lastKnownFileType = folder.assetcatalog; path = Assets.xcassets; sourceTree = "<group>"; };
		8A11BD862923CFEB0001C028 /* Base */ = {isa = PBXFileReference; lastKnownFileType = file.storyboard; name = Base; path = Base.lproj/LaunchScreen.storyboard; sourceTree = "<group>"; };
		8A11BD882923CFEB0001C028 /* Info.plist */ = {isa = PBXFileReference; lastKnownFileType = text.plist.xml; path = Info.plist; sourceTree = "<group>"; };
		8A11BD8E2923D0740001C028 /* PhotoListPresenter.swift */ = {isa = PBXFileReference; lastKnownFileType = sourcecode.swift; path = PhotoListPresenter.swift; sourceTree = "<group>"; };
		8A11BD902923D08A0001C028 /* PhotoListInteractor.swift */ = {isa = PBXFileReference; lastKnownFileType = sourcecode.swift; path = PhotoListInteractor.swift; sourceTree = "<group>"; };
		8A11BD922923D0970001C028 /* PhotoListEntity.swift */ = {isa = PBXFileReference; lastKnownFileType = sourcecode.swift; path = PhotoListEntity.swift; sourceTree = "<group>"; };
		8A11BD942923D0A10001C028 /* PhotoListRouter.swift */ = {isa = PBXFileReference; lastKnownFileType = sourcecode.swift; path = PhotoListRouter.swift; sourceTree = "<group>"; };
		8A11BD9B2923D1230001C028 /* PhotoDetailRouter.swift */ = {isa = PBXFileReference; lastKnownFileType = sourcecode.swift; path = PhotoDetailRouter.swift; sourceTree = "<group>"; };
		8A11BD9D2923D13A0001C028 /* PhotoDetailInteractor.swift */ = {isa = PBXFileReference; lastKnownFileType = sourcecode.swift; path = PhotoDetailInteractor.swift; sourceTree = "<group>"; };
		8A11BD9F2923D1470001C028 /* PhotoDetailEntity.swift */ = {isa = PBXFileReference; lastKnownFileType = sourcecode.swift; path = PhotoDetailEntity.swift; sourceTree = "<group>"; };
		8A11BDA12923D1550001C028 /* PhotoDetailPresenter.swift */ = {isa = PBXFileReference; lastKnownFileType = sourcecode.swift; path = PhotoDetailPresenter.swift; sourceTree = "<group>"; };
		8A11BDA32923D17E0001C028 /* PhotoDetailViewController.swift */ = {isa = PBXFileReference; lastKnownFileType = sourcecode.swift; path = PhotoDetailViewController.swift; sourceTree = "<group>"; };
		8A156A0F2924A6EB0081DE97 /* CompilingURL.swift */ = {isa = PBXFileReference; lastKnownFileType = sourcecode.swift; path = CompilingURL.swift; sourceTree = "<group>"; };
		8A156A112924A6FC0081DE97 /* NetworkService.swift */ = {isa = PBXFileReference; lastKnownFileType = sourcecode.swift; path = NetworkService.swift; sourceTree = "<group>"; };
		8A156A172924E6F50081DE97 /* PhotoCollectionViewCell.swift */ = {isa = PBXFileReference; lastKnownFileType = sourcecode.swift; path = PhotoCollectionViewCell.swift; sourceTree = "<group>"; };
		8A156A1A29251A340081DE97 /* TabBarController.swift */ = {isa = PBXFileReference; lastKnownFileType = sourcecode.swift; path = TabBarController.swift; sourceTree = "<group>"; };
		8A156A1C29251A4F0081DE97 /* TabBarPresenter.swift */ = {isa = PBXFileReference; lastKnownFileType = sourcecode.swift; path = TabBarPresenter.swift; sourceTree = "<group>"; };
		8A156A1E29251A5A0081DE97 /* TabBarRouter.swift */ = {isa = PBXFileReference; lastKnownFileType = sourcecode.swift; path = TabBarRouter.swift; sourceTree = "<group>"; };
		8A6F17A42927126900840C99 /* ExtensionUIView.swift */ = {isa = PBXFileReference; lastKnownFileType = sourcecode.swift; path = ExtensionUIView.swift; sourceTree = "<group>"; };
		8A6F17A72927196200840C99 /* ExtensionDate.swift */ = {isa = PBXFileReference; lastKnownFileType = sourcecode.swift; path = ExtensionDate.swift; sourceTree = "<group>"; };
		8A75712F292852F700DA0154 /* CoreDataManager.swift */ = {isa = PBXFileReference; lastKnownFileType = sourcecode.swift; path = CoreDataManager.swift; sourceTree = "<group>"; };
		8A9C36122929703600BADD3A /* FavoriteListViewController.swift */ = {isa = PBXFileReference; lastKnownFileType = sourcecode.swift; path = FavoriteListViewController.swift; sourceTree = "<group>"; };
		8A9C36142929705600BADD3A /* FavoriteListPresenter.swift */ = {isa = PBXFileReference; lastKnownFileType = sourcecode.swift; path = FavoriteListPresenter.swift; sourceTree = "<group>"; };
		8A9C36162929706300BADD3A /* FavoriteListInteractor.swift */ = {isa = PBXFileReference; lastKnownFileType = sourcecode.swift; path = FavoriteListInteractor.swift; sourceTree = "<group>"; };
		8A9C36182929706B00BADD3A /* FavoriteListRouter.swift */ = {isa = PBXFileReference; lastKnownFileType = sourcecode.swift; path = FavoriteListRouter.swift; sourceTree = "<group>"; };
		8A9C361D29297FD900BADD3A /* SearchListViewController.swift */ = {isa = PBXFileReference; lastKnownFileType = sourcecode.swift; path = SearchListViewController.swift; sourceTree = "<group>"; };
		8A9C36202929800F00BADD3A /* SearchListPresenter.swift */ = {isa = PBXFileReference; lastKnownFileType = sourcecode.swift; path = SearchListPresenter.swift; sourceTree = "<group>"; };
		8A9C36222929806300BADD3A /* SearchListInteractor.swift */ = {isa = PBXFileReference; lastKnownFileType = sourcecode.swift; path = SearchListInteractor.swift; sourceTree = "<group>"; };
		8A9C36242929806B00BADD3A /* SearchListRouter.swift */ = {isa = PBXFileReference; lastKnownFileType = sourcecode.swift; path = SearchListRouter.swift; sourceTree = "<group>"; };
		8A9C36262929807400BADD3A /* SearchListEntity.swift */ = {isa = PBXFileReference; lastKnownFileType = sourcecode.swift; path = SearchListEntity.swift; sourceTree = "<group>"; };
		8A9C362829299E9C00BADD3A /* FavoriteTableViewCell.swift */ = {isa = PBXFileReference; lastKnownFileType = sourcecode.swift; path = FavoriteTableViewCell.swift; sourceTree = "<group>"; };
		8ACBCBC4292946F5002E5935 /* FavoriteModel.xcdatamodel */ = {isa = PBXFileReference; lastKnownFileType = wrapper.xcdatamodel; path = FavoriteModel.xcdatamodel; sourceTree = "<group>"; };
		8ACBCBD3292960F4002E5935 /* FavoritePhoto+CoreDataClass.swift */ = {isa = PBXFileReference; lastKnownFileType = sourcecode.swift; path = "FavoritePhoto+CoreDataClass.swift"; sourceTree = "<group>"; };
		8ACBCBD4292960F4002E5935 /* FavoritePhoto+CoreDataProperties.swift */ = {isa = PBXFileReference; lastKnownFileType = sourcecode.swift; path = "FavoritePhoto+CoreDataProperties.swift"; sourceTree = "<group>"; };
		9403EE0856B97491250A6630 /* Pods-Photo.debug.xcconfig */ = {isa = PBXFileReference; includeInIndex = 1; lastKnownFileType = text.xcconfig; name = "Pods-Photo.debug.xcconfig"; path = "Target Support Files/Pods-Photo/Pods-Photo.debug.xcconfig"; sourceTree = "<group>"; };
		F335AAFAF91DACE95C8FEFBF /* Pods-Photo.release.xcconfig */ = {isa = PBXFileReference; includeInIndex = 1; lastKnownFileType = text.xcconfig; name = "Pods-Photo.release.xcconfig"; path = "Target Support Files/Pods-Photo/Pods-Photo.release.xcconfig"; sourceTree = "<group>"; };
/* End PBXFileReference section */

/* Begin PBXFrameworksBuildPhase section */
		8A11BD742923CFEA0001C028 /* Frameworks */ = {
			isa = PBXFrameworksBuildPhase;
			buildActionMask = 2147483647;
			files = (
				8D835D17C1EF037FFC0C7A19 /* Pods_Photo.framework in Frameworks */,
			);
			runOnlyForDeploymentPostprocessing = 0;
		};
/* End PBXFrameworksBuildPhase section */

/* Begin PBXGroup section */
		78077F02D96B132EF1571133 /* Frameworks */ = {
			isa = PBXGroup;
			children = (
				73B8466755CCF7C070FA09DE /* Pods_Photo.framework */,
			);
			name = Frameworks;
			sourceTree = "<group>";
		};
		8A0399EF292C4BAC0090D396 /* View */ = {
			isa = PBXGroup;
			children = (
				8A0399ED292C4B370090D396 /* SearchCollectionViewCell.swift */,
			);
			path = View;
			sourceTree = "<group>";
		};
		8A11BD6E2923CFEA0001C028 = {
			isa = PBXGroup;
			children = (
				8A11BD792923CFEA0001C028 /* Photo */,
				8A11BD782923CFEA0001C028 /* Products */,
				9E5683EF933344EA6D00F23B /* Pods */,
				78077F02D96B132EF1571133 /* Frameworks */,
			);
			sourceTree = "<group>";
		};
		8A11BD782923CFEA0001C028 /* Products */ = {
			isa = PBXGroup;
			children = (
				8A11BD772923CFEA0001C028 /* Photo.app */,
			);
			name = Products;
			sourceTree = "<group>";
		};
		8A11BD792923CFEA0001C028 /* Photo */ = {
			isa = PBXGroup;
			children = (
				8A156A152924A72C0081DE97 /* Source */,
				8A156A142924A71D0081DE97 /* ServiceLayer */,
				8A11BDA62923D1960001C028 /* Module */,
				8A6F17A62927127700840C99 /* Extension */,
				8A156A162924A73B0081DE97 /* Base */,
				8A11BD882923CFEB0001C028 /* Info.plist */,
			);
			path = Photo;
			sourceTree = "<group>";
		};
		8A11BD982923D0C80001C028 /* PhotoList */ = {
			isa = PBXGroup;
			children = (
				8A11BD7E2923CFEA0001C028 /* PhotoListViewController.swift */,
				8A11BD8E2923D0740001C028 /* PhotoListPresenter.swift */,
				8A11BD902923D08A0001C028 /* PhotoListInteractor.swift */,
				8A11BD942923D0A10001C028 /* PhotoListRouter.swift */,
				8A11BD922923D0970001C028 /* PhotoListEntity.swift */,
				8A156A192924E6FB0081DE97 /* View */,
			);
			path = PhotoList;
			sourceTree = "<group>";
		};
		8A11BDA52923D1870001C028 /* PhototDetail */ = {
			isa = PBXGroup;
			children = (
				8A11BDA32923D17E0001C028 /* PhotoDetailViewController.swift */,
				8A11BDA12923D1550001C028 /* PhotoDetailPresenter.swift */,
				8A11BD9D2923D13A0001C028 /* PhotoDetailInteractor.swift */,
				8A11BD9B2923D1230001C028 /* PhotoDetailRouter.swift */,
				8A11BD9F2923D1470001C028 /* PhotoDetailEntity.swift */,
			);
			path = PhototDetail;
			sourceTree = "<group>";
		};
		8A11BDA62923D1960001C028 /* Module */ = {
			isa = PBXGroup;
			children = (
				8A156A2029251A750081DE97 /* TabBar */,
				8A11BD982923D0C80001C028 /* PhotoList */,
				8A11BDA52923D1870001C028 /* PhototDetail */,
				8A9C361F29297FDE00BADD3A /* SearchList */,
				8A9C361C2929707A00BADD3A /* FavoriteList */,
			);
			path = Module;
			sourceTree = "<group>";
		};
		8A156A132924A70C0081DE97 /* NetworkLayer */ = {
			isa = PBXGroup;
			children = (
				8A156A0F2924A6EB0081DE97 /* CompilingURL.swift */,
				8A156A112924A6FC0081DE97 /* NetworkService.swift */,
			);
			path = NetworkLayer;
			sourceTree = "<group>";
		};
		8A156A142924A71D0081DE97 /* ServiceLayer */ = {
			isa = PBXGroup;
			children = (
				8A75712E2928404700DA0154 /* CoreData */,
				8A156A132924A70C0081DE97 /* NetworkLayer */,
			);
			path = ServiceLayer;
			sourceTree = "<group>";
		};
		8A156A152924A72C0081DE97 /* Source */ = {
			isa = PBXGroup;
			children = (
				8A11BD7A2923CFEA0001C028 /* AppDelegate.swift */,
				8A11BD7C2923CFEA0001C028 /* SceneDelegate.swift */,
			);
			path = Source;
			sourceTree = "<group>";
		};
		8A156A162924A73B0081DE97 /* Base */ = {
			isa = PBXGroup;
			children = (
				8A11BD832923CFEB0001C028 /* Assets.xcassets */,
				8A11BD852923CFEB0001C028 /* LaunchScreen.storyboard */,
			);
			path = Base;
			sourceTree = "<group>";
		};
		8A156A192924E6FB0081DE97 /* View */ = {
			isa = PBXGroup;
			children = (
				8A156A172924E6F50081DE97 /* PhotoCollectionViewCell.swift */,
			);
			path = View;
			sourceTree = "<group>";
		};
		8A156A2029251A750081DE97 /* TabBar */ = {
			isa = PBXGroup;
			children = (
				8A156A1A29251A340081DE97 /* TabBarController.swift */,
				8A156A1C29251A4F0081DE97 /* TabBarPresenter.swift */,
				8A156A1E29251A5A0081DE97 /* TabBarRouter.swift */,
			);
			path = TabBar;
			sourceTree = "<group>";
		};
		8A6F17A62927127700840C99 /* Extension */ = {
			isa = PBXGroup;
			children = (
				8A6F17A42927126900840C99 /* ExtensionUIView.swift */,
				8A6F17A72927196200840C99 /* ExtensionDate.swift */,
			);
			path = Extension;
			sourceTree = "<group>";
		};
		8A75712E2928404700DA0154 /* CoreData */ = {
			isa = PBXGroup;
			children = (
				8A75712F292852F700DA0154 /* CoreDataManager.swift */,
				8ACBCBC3292946F5002E5935 /* FavoriteModel.xcdatamodeld */,
				8ACBCBCA29295F15002E5935 /* Model */,
			);
			path = CoreData;
			sourceTree = "<group>";
		};
		8A9C361C2929707A00BADD3A /* FavoriteList */ = {
			isa = PBXGroup;
			children = (
				8A9C36122929703600BADD3A /* FavoriteListViewController.swift */,
				8A9C36142929705600BADD3A /* FavoriteListPresenter.swift */,
				8A9C36162929706300BADD3A /* FavoriteListInteractor.swift */,
				8A9C36182929706B00BADD3A /* FavoriteListRouter.swift */,
				8A9C362A29299EC400BADD3A /* View */,
			);
			path = FavoriteList;
			sourceTree = "<group>";
		};
		8A9C361F29297FDE00BADD3A /* SearchList */ = {
			isa = PBXGroup;
			children = (
				8A9C361D29297FD900BADD3A /* SearchListViewController.swift */,
				8A9C36202929800F00BADD3A /* SearchListPresenter.swift */,
				8A9C36222929806300BADD3A /* SearchListInteractor.swift */,
				8A9C36242929806B00BADD3A /* SearchListRouter.swift */,
				8A9C36262929807400BADD3A /* SearchListEntity.swift */,
				8A0399EF292C4BAC0090D396 /* View */,
			);
			path = SearchList;
			sourceTree = "<group>";
		};
		8A9C362A29299EC400BADD3A /* View */ = {
			isa = PBXGroup;
			children = (
				8A9C362829299E9C00BADD3A /* FavoriteTableViewCell.swift */,
			);
			path = View;
			sourceTree = "<group>";
		};
		8ACBCBCA29295F15002E5935 /* Model */ = {
			isa = PBXGroup;
			children = (
				8ACBCBD3292960F4002E5935 /* FavoritePhoto+CoreDataClass.swift */,
				8ACBCBD4292960F4002E5935 /* FavoritePhoto+CoreDataProperties.swift */,
			);
			path = Model;
			sourceTree = "<group>";
		};
		9E5683EF933344EA6D00F23B /* Pods */ = {
			isa = PBXGroup;
			children = (
				9403EE0856B97491250A6630 /* Pods-Photo.debug.xcconfig */,
				F335AAFAF91DACE95C8FEFBF /* Pods-Photo.release.xcconfig */,
			);
			path = Pods;
			sourceTree = "<group>";
		};
/* End PBXGroup section */

/* Begin PBXNativeTarget section */
		8A11BD762923CFEA0001C028 /* Photo */ = {
			isa = PBXNativeTarget;
			buildConfigurationList = 8A11BD8B2923CFEB0001C028 /* Build configuration list for PBXNativeTarget "Photo" */;
			buildPhases = (
				38ED3397EE4BEFF0EA64CC73 /* [CP] Check Pods Manifest.lock */,
				8A11BD732923CFEA0001C028 /* Sources */,
				8A11BD742923CFEA0001C028 /* Frameworks */,
				8A11BD752923CFEA0001C028 /* Resources */,
				DED186B6F33A15B2DC7EB753 /* [CP] Embed Pods Frameworks */,
			);
			buildRules = (
			);
			dependencies = (
			);
			name = Photo;
			productName = Photo;
			productReference = 8A11BD772923CFEA0001C028 /* Photo.app */;
			productType = "com.apple.product-type.application";
		};
/* End PBXNativeTarget section */

/* Begin PBXProject section */
		8A11BD6F2923CFEA0001C028 /* Project object */ = {
			isa = PBXProject;
			attributes = {
				BuildIndependentTargetsInParallel = 1;
				LastSwiftUpdateCheck = 1400;
				LastUpgradeCheck = 1400;
				TargetAttributes = {
					8A11BD762923CFEA0001C028 = {
						CreatedOnToolsVersion = 14.0.1;
					};
				};
			};
			buildConfigurationList = 8A11BD722923CFEA0001C028 /* Build configuration list for PBXProject "Photo" */;
			compatibilityVersion = "Xcode 14.0";
			developmentRegion = en;
			hasScannedForEncodings = 0;
			knownRegions = (
				en,
				Base,
			);
			mainGroup = 8A11BD6E2923CFEA0001C028;
			productRefGroup = 8A11BD782923CFEA0001C028 /* Products */;
			projectDirPath = "";
			projectRoot = "";
			targets = (
				8A11BD762923CFEA0001C028 /* Photo */,
			);
		};
/* End PBXProject section */

/* Begin PBXResourcesBuildPhase section */
		8A11BD752923CFEA0001C028 /* Resources */ = {
			isa = PBXResourcesBuildPhase;
			buildActionMask = 2147483647;
			files = (
				8A11BD872923CFEB0001C028 /* LaunchScreen.storyboard in Resources */,
				8A11BD842923CFEB0001C028 /* Assets.xcassets in Resources */,
			);
			runOnlyForDeploymentPostprocessing = 0;
		};
/* End PBXResourcesBuildPhase section */

/* Begin PBXShellScriptBuildPhase section */
		38ED3397EE4BEFF0EA64CC73 /* [CP] Check Pods Manifest.lock */ = {
			isa = PBXShellScriptBuildPhase;
			buildActionMask = 2147483647;
			files = (
			);
			inputFileListPaths = (
			);
			inputPaths = (
				"${PODS_PODFILE_DIR_PATH}/Podfile.lock",
				"${PODS_ROOT}/Manifest.lock",
			);
			name = "[CP] Check Pods Manifest.lock";
			outputFileListPaths = (
			);
			outputPaths = (
				"$(DERIVED_FILE_DIR)/Pods-Photo-checkManifestLockResult.txt",
			);
			runOnlyForDeploymentPostprocessing = 0;
			shellPath = /bin/sh;
			shellScript = "diff \"${PODS_PODFILE_DIR_PATH}/Podfile.lock\" \"${PODS_ROOT}/Manifest.lock\" > /dev/null\nif [ $? != 0 ] ; then\n    # print error to STDERR\n    echo \"error: The sandbox is not in sync with the Podfile.lock. Run 'pod install' or update your CocoaPods installation.\" >&2\n    exit 1\nfi\n# This output is used by Xcode 'outputs' to avoid re-running this script phase.\necho \"SUCCESS\" > \"${SCRIPT_OUTPUT_FILE_0}\"\n";
			showEnvVarsInLog = 0;
		};
		DED186B6F33A15B2DC7EB753 /* [CP] Embed Pods Frameworks */ = {
			isa = PBXShellScriptBuildPhase;
			buildActionMask = 2147483647;
			files = (
			);
			inputFileListPaths = (
				"${PODS_ROOT}/Target Support Files/Pods-Photo/Pods-Photo-frameworks-${CONFIGURATION}-input-files.xcfilelist",
			);
			name = "[CP] Embed Pods Frameworks";
			outputFileListPaths = (
				"${PODS_ROOT}/Target Support Files/Pods-Photo/Pods-Photo-frameworks-${CONFIGURATION}-output-files.xcfilelist",
			);
			runOnlyForDeploymentPostprocessing = 0;
			shellPath = /bin/sh;
			shellScript = "\"${PODS_ROOT}/Target Support Files/Pods-Photo/Pods-Photo-frameworks.sh\"\n";
			showEnvVarsInLog = 0;
		};
/* End PBXShellScriptBuildPhase section */

/* Begin PBXSourcesBuildPhase section */
		8A11BD732923CFEA0001C028 /* Sources */ = {
			isa = PBXSourcesBuildPhase;
			buildActionMask = 2147483647;
			files = (
				8A156A102924A6EC0081DE97 /* CompilingURL.swift in Sources */,
				8A6F17A82927196200840C99 /* ExtensionDate.swift in Sources */,
				8A9C36232929806300BADD3A /* SearchListInteractor.swift in Sources */,
				8A11BDA22923D1560001C028 /* PhotoDetailPresenter.swift in Sources */,
				8A156A1B29251A340081DE97 /* TabBarController.swift in Sources */,
				8A6F17A52927126900840C99 /* ExtensionUIView.swift in Sources */,
				8A9C362929299E9C00BADD3A /* FavoriteTableViewCell.swift in Sources */,
				8A11BD912923D08A0001C028 /* PhotoListInteractor.swift in Sources */,
				8A156A182924E6F50081DE97 /* PhotoCollectionViewCell.swift in Sources */,
				8A11BD932923D0970001C028 /* PhotoListEntity.swift in Sources */,
				8A9C36212929800F00BADD3A /* SearchListPresenter.swift in Sources */,
				8ACBCBC5292946F5002E5935 /* FavoriteModel.xcdatamodeld in Sources */,
				8A11BD9C2923D1230001C028 /* PhotoDetailRouter.swift in Sources */,
				8A11BD952923D0A10001C028 /* PhotoListRouter.swift in Sources */,
				8A757130292852F700DA0154 /* CoreDataManager.swift in Sources */,
				8A11BD7F2923CFEA0001C028 /* PhotoListViewController.swift in Sources */,
				8A11BD9E2923D13A0001C028 /* PhotoDetailInteractor.swift in Sources */,
				8A9C36172929706300BADD3A /* FavoriteListInteractor.swift in Sources */,
				8A9C36252929806B00BADD3A /* SearchListRouter.swift in Sources */,
				8A0399EE292C4B370090D396 /* SearchCollectionViewCell.swift in Sources */,
				8A9C36272929807400BADD3A /* SearchListEntity.swift in Sources */,
				8A156A122924A6FC0081DE97 /* NetworkService.swift in Sources */,
				8A11BDA02923D1470001C028 /* PhotoDetailEntity.swift in Sources */,
				8A156A1F29251A5A0081DE97 /* TabBarRouter.swift in Sources */,
				8A11BDA42923D17E0001C028 /* PhotoDetailViewController.swift in Sources */,
				8A9C36132929703600BADD3A /* FavoriteListViewController.swift in Sources */,
				8A9C36192929706B00BADD3A /* FavoriteListRouter.swift in Sources */,
				8A11BD8F2923D0740001C028 /* PhotoListPresenter.swift in Sources */,
				8A9C361E29297FD900BADD3A /* SearchListViewController.swift in Sources */,
				8A156A1D29251A4F0081DE97 /* TabBarPresenter.swift in Sources */,
				8ACBCBD5292960F4002E5935 /* FavoritePhoto+CoreDataClass.swift in Sources */,
				8A11BD7B2923CFEA0001C028 /* AppDelegate.swift in Sources */,
				8ACBCBD6292960F4002E5935 /* FavoritePhoto+CoreDataProperties.swift in Sources */,
				8A9C36152929705600BADD3A /* FavoriteListPresenter.swift in Sources */,
				8A11BD7D2923CFEA0001C028 /* SceneDelegate.swift in Sources */,
			);
			runOnlyForDeploymentPostprocessing = 0;
		};
/* End PBXSourcesBuildPhase section */

/* Begin PBXVariantGroup section */
		8A11BD852923CFEB0001C028 /* LaunchScreen.storyboard */ = {
			isa = PBXVariantGroup;
			children = (
				8A11BD862923CFEB0001C028 /* Base */,
			);
			name = LaunchScreen.storyboard;
			sourceTree = "<group>";
		};
/* End PBXVariantGroup section */

/* Begin XCBuildConfiguration section */
		8A11BD892923CFEB0001C028 /* Debug */ = {
			isa = XCBuildConfiguration;
			buildSettings = {
				ALWAYS_SEARCH_USER_PATHS = NO;
				CLANG_ANALYZER_NONNULL = YES;
				CLANG_ANALYZER_NUMBER_OBJECT_CONVERSION = YES_AGGRESSIVE;
				CLANG_CXX_LANGUAGE_STANDARD = "gnu++20";
				CLANG_ENABLE_MODULES = YES;
				CLANG_ENABLE_OBJC_ARC = YES;
				CLANG_ENABLE_OBJC_WEAK = YES;
				CLANG_WARN_BLOCK_CAPTURE_AUTORELEASING = YES;
				CLANG_WARN_BOOL_CONVERSION = YES;
				CLANG_WARN_COMMA = YES;
				CLANG_WARN_CONSTANT_CONVERSION = YES;
				CLANG_WARN_DEPRECATED_OBJC_IMPLEMENTATIONS = YES;
				CLANG_WARN_DIRECT_OBJC_ISA_USAGE = YES_ERROR;
				CLANG_WARN_DOCUMENTATION_COMMENTS = YES;
				CLANG_WARN_EMPTY_BODY = YES;
				CLANG_WARN_ENUM_CONVERSION = YES;
				CLANG_WARN_INFINITE_RECURSION = YES;
				CLANG_WARN_INT_CONVERSION = YES;
				CLANG_WARN_NON_LITERAL_NULL_CONVERSION = YES;
				CLANG_WARN_OBJC_IMPLICIT_RETAIN_SELF = YES;
				CLANG_WARN_OBJC_LITERAL_CONVERSION = YES;
				CLANG_WARN_OBJC_ROOT_CLASS = YES_ERROR;
				CLANG_WARN_QUOTED_INCLUDE_IN_FRAMEWORK_HEADER = YES;
				CLANG_WARN_RANGE_LOOP_ANALYSIS = YES;
				CLANG_WARN_STRICT_PROTOTYPES = YES;
				CLANG_WARN_SUSPICIOUS_MOVE = YES;
				CLANG_WARN_UNGUARDED_AVAILABILITY = YES_AGGRESSIVE;
				CLANG_WARN_UNREACHABLE_CODE = YES;
				CLANG_WARN__DUPLICATE_METHOD_MATCH = YES;
				COPY_PHASE_STRIP = NO;
				DEBUG_INFORMATION_FORMAT = dwarf;
				ENABLE_STRICT_OBJC_MSGSEND = YES;
				ENABLE_TESTABILITY = YES;
				GCC_C_LANGUAGE_STANDARD = gnu11;
				GCC_DYNAMIC_NO_PIC = NO;
				GCC_NO_COMMON_BLOCKS = YES;
				GCC_OPTIMIZATION_LEVEL = 0;
				GCC_PREPROCESSOR_DEFINITIONS = (
					"DEBUG=1",
					"$(inherited)",
				);
				GCC_WARN_64_TO_32_BIT_CONVERSION = YES;
				GCC_WARN_ABOUT_RETURN_TYPE = YES_ERROR;
				GCC_WARN_UNDECLARED_SELECTOR = YES;
				GCC_WARN_UNINITIALIZED_AUTOS = YES_AGGRESSIVE;
				GCC_WARN_UNUSED_FUNCTION = YES;
				GCC_WARN_UNUSED_VARIABLE = YES;
				IPHONEOS_DEPLOYMENT_TARGET = 16.0;
				MTL_ENABLE_DEBUG_INFO = INCLUDE_SOURCE;
				MTL_FAST_MATH = YES;
				ONLY_ACTIVE_ARCH = YES;
				SDKROOT = iphoneos;
				SWIFT_ACTIVE_COMPILATION_CONDITIONS = DEBUG;
				SWIFT_OPTIMIZATION_LEVEL = "-Onone";
			};
			name = Debug;
		};
		8A11BD8A2923CFEB0001C028 /* Release */ = {
			isa = XCBuildConfiguration;
			buildSettings = {
				ALWAYS_SEARCH_USER_PATHS = NO;
				CLANG_ANALYZER_NONNULL = YES;
				CLANG_ANALYZER_NUMBER_OBJECT_CONVERSION = YES_AGGRESSIVE;
				CLANG_CXX_LANGUAGE_STANDARD = "gnu++20";
				CLANG_ENABLE_MODULES = YES;
				CLANG_ENABLE_OBJC_ARC = YES;
				CLANG_ENABLE_OBJC_WEAK = YES;
				CLANG_WARN_BLOCK_CAPTURE_AUTORELEASING = YES;
				CLANG_WARN_BOOL_CONVERSION = YES;
				CLANG_WARN_COMMA = YES;
				CLANG_WARN_CONSTANT_CONVERSION = YES;
				CLANG_WARN_DEPRECATED_OBJC_IMPLEMENTATIONS = YES;
				CLANG_WARN_DIRECT_OBJC_ISA_USAGE = YES_ERROR;
				CLANG_WARN_DOCUMENTATION_COMMENTS = YES;
				CLANG_WARN_EMPTY_BODY = YES;
				CLANG_WARN_ENUM_CONVERSION = YES;
				CLANG_WARN_INFINITE_RECURSION = YES;
				CLANG_WARN_INT_CONVERSION = YES;
				CLANG_WARN_NON_LITERAL_NULL_CONVERSION = YES;
				CLANG_WARN_OBJC_IMPLICIT_RETAIN_SELF = YES;
				CLANG_WARN_OBJC_LITERAL_CONVERSION = YES;
				CLANG_WARN_OBJC_ROOT_CLASS = YES_ERROR;
				CLANG_WARN_QUOTED_INCLUDE_IN_FRAMEWORK_HEADER = YES;
				CLANG_WARN_RANGE_LOOP_ANALYSIS = YES;
				CLANG_WARN_STRICT_PROTOTYPES = YES;
				CLANG_WARN_SUSPICIOUS_MOVE = YES;
				CLANG_WARN_UNGUARDED_AVAILABILITY = YES_AGGRESSIVE;
				CLANG_WARN_UNREACHABLE_CODE = YES;
				CLANG_WARN__DUPLICATE_METHOD_MATCH = YES;
				COPY_PHASE_STRIP = NO;
				DEBUG_INFORMATION_FORMAT = "dwarf-with-dsym";
				ENABLE_NS_ASSERTIONS = NO;
				ENABLE_STRICT_OBJC_MSGSEND = YES;
				GCC_C_LANGUAGE_STANDARD = gnu11;
				GCC_NO_COMMON_BLOCKS = YES;
				GCC_WARN_64_TO_32_BIT_CONVERSION = YES;
				GCC_WARN_ABOUT_RETURN_TYPE = YES_ERROR;
				GCC_WARN_UNDECLARED_SELECTOR = YES;
				GCC_WARN_UNINITIALIZED_AUTOS = YES_AGGRESSIVE;
				GCC_WARN_UNUSED_FUNCTION = YES;
				GCC_WARN_UNUSED_VARIABLE = YES;
				IPHONEOS_DEPLOYMENT_TARGET = 16.0;
				MTL_ENABLE_DEBUG_INFO = NO;
				MTL_FAST_MATH = YES;
				SDKROOT = iphoneos;
				SWIFT_COMPILATION_MODE = wholemodule;
				SWIFT_OPTIMIZATION_LEVEL = "-O";
				VALIDATE_PRODUCT = YES;
			};
			name = Release;
		};
		8A11BD8C2923CFEB0001C028 /* Debug */ = {
			isa = XCBuildConfiguration;
			baseConfigurationReference = 9403EE0856B97491250A6630 /* Pods-Photo.debug.xcconfig */;
			buildSettings = {
				ASSETCATALOG_COMPILER_APPICON_NAME = AppIcon;
				ASSETCATALOG_COMPILER_GLOBAL_ACCENT_COLOR_NAME = AccentColor;
				CODE_SIGN_STYLE = Automatic;
				CURRENT_PROJECT_VERSION = 1;
				DEVELOPMENT_TEAM = S47ZA2XNXC;
				GENERATE_INFOPLIST_FILE = YES;
				INFOPLIST_FILE = Photo/Info.plist;
				INFOPLIST_KEY_UIApplicationSupportsIndirectInputEvents = YES;
				INFOPLIST_KEY_UILaunchStoryboardName = LaunchScreen;
				INFOPLIST_KEY_UISupportedInterfaceOrientations = UIInterfaceOrientationPortrait;
				INFOPLIST_KEY_UISupportedInterfaceOrientations_iPad = "UIInterfaceOrientationLandscapeLeft UIInterfaceOrientationLandscapeRight UIInterfaceOrientationPortrait UIInterfaceOrientationPortraitUpsideDown";
				LD_RUNPATH_SEARCH_PATHS = (
					"$(inherited)",
					"@executable_path/Frameworks",
				);
				MARKETING_VERSION = 1.0;
				PRODUCT_BUNDLE_IDENTIFIER = com.example.Photo;
				PRODUCT_NAME = "$(TARGET_NAME)";
				SWIFT_EMIT_LOC_STRINGS = YES;
				SWIFT_VERSION = 5.0;
				TARGETED_DEVICE_FAMILY = "1,2";
			};
			name = Debug;
		};
		8A11BD8D2923CFEB0001C028 /* Release */ = {
			isa = XCBuildConfiguration;
			baseConfigurationReference = F335AAFAF91DACE95C8FEFBF /* Pods-Photo.release.xcconfig */;
			buildSettings = {
				ASSETCATALOG_COMPILER_APPICON_NAME = AppIcon;
				ASSETCATALOG_COMPILER_GLOBAL_ACCENT_COLOR_NAME = AccentColor;
				CODE_SIGN_STYLE = Automatic;
				CURRENT_PROJECT_VERSION = 1;
				DEVELOPMENT_TEAM = S47ZA2XNXC;
				GENERATE_INFOPLIST_FILE = YES;
				INFOPLIST_FILE = Photo/Info.plist;
				INFOPLIST_KEY_UIApplicationSupportsIndirectInputEvents = YES;
				INFOPLIST_KEY_UILaunchStoryboardName = LaunchScreen;
				INFOPLIST_KEY_UISupportedInterfaceOrientations = UIInterfaceOrientationPortrait;
				INFOPLIST_KEY_UISupportedInterfaceOrientations_iPad = "UIInterfaceOrientationLandscapeLeft UIInterfaceOrientationLandscapeRight UIInterfaceOrientationPortrait UIInterfaceOrientationPortraitUpsideDown";
				LD_RUNPATH_SEARCH_PATHS = (
					"$(inherited)",
					"@executable_path/Frameworks",
				);
				MARKETING_VERSION = 1.0;
				PRODUCT_BUNDLE_IDENTIFIER = com.example.Photo;
				PRODUCT_NAME = "$(TARGET_NAME)";
				SWIFT_EMIT_LOC_STRINGS = YES;
				SWIFT_VERSION = 5.0;
				TARGETED_DEVICE_FAMILY = "1,2";
			};
			name = Release;
		};
/* End XCBuildConfiguration section */

/* Begin XCConfigurationList section */
		8A11BD722923CFEA0001C028 /* Build configuration list for PBXProject "Photo" */ = {
			isa = XCConfigurationList;
			buildConfigurations = (
				8A11BD892923CFEB0001C028 /* Debug */,
				8A11BD8A2923CFEB0001C028 /* Release */,
			);
			defaultConfigurationIsVisible = 0;
			defaultConfigurationName = Release;
		};
		8A11BD8B2923CFEB0001C028 /* Build configuration list for PBXNativeTarget "Photo" */ = {
			isa = XCConfigurationList;
			buildConfigurations = (
				8A11BD8C2923CFEB0001C028 /* Debug */,
				8A11BD8D2923CFEB0001C028 /* Release */,
			);
			defaultConfigurationIsVisible = 0;
			defaultConfigurationName = Release;
		};
/* End XCConfigurationList section */

/* Begin XCVersionGroup section */
		8ACBCBC3292946F5002E5935 /* FavoriteModel.xcdatamodeld */ = {
			isa = XCVersionGroup;
			children = (
				8ACBCBC4292946F5002E5935 /* FavoriteModel.xcdatamodel */,
			);
			currentVersion = 8ACBCBC4292946F5002E5935 /* FavoriteModel.xcdatamodel */;
			path = FavoriteModel.xcdatamodeld;
			sourceTree = "<group>";
			versionGroupType = wrapper.xcdatamodel;
		};
/* End XCVersionGroup section */
	};
	rootObject = 8A11BD6F2923CFEA0001C028 /* Project object */;
}
